
Microsoft Visual Studio Solution File, Format Version 12.00
# Visual Studio 2013
Project("{8BC9CEB8-8B4A-11D0-8D11-00A0C91BC942}") = "OpenGlTutorial", "OpenGlTutorial.vcxproj", "{1F994375-12C1-4029-9C1C-C9A3AFB33FAA}"
EndProject
Global
	GlobalSection(SolutionConfigurationPlatforms) = preSolution
		Debug|Win32 = Debug|Win32
		Release|Win32 = Release|Win32
	EndGlobalSection
	GlobalSection(ProjectConfigurationPlatforms) = postSolution
		{1F994375-12C1-4029-9C1C-C9A3AFB33FAA}.Debug|Win32.ActiveCfg = Debug|Win32
		{1F994375-12C1-4029-9C1C-C9A3AFB33FAA}.Debug|Win32.Build.0 = Debug|Win32
		{1F994375-12C1-4029-9C1C-C9A3AFB33FAA}.Release|Win32.ActiveCfg = Release|Win32
		{1F994375-12C1-4029-9C1C-C9A3AFB33FAA}.Release|Win32.Build.0 = Release|Win32
	EndGlobalSection
	GlobalSection(SolutionProperties) = preSolution
		HideSolutionNode = FALSE
	EndGlobalSection
EndGlobal
